Microsoft Visual Studio Solution File, Format Version 10.00
# Visual Studio 2008
Project("{FAE04EC0-301F-11D3-BF4B-00C04F79EFBC}") = "UIMFLibrary", "UIMFLibrary\UIMFLibrary.csproj", "{25849DAD-D507-4429-ACA4-2DB63F9EAF52}"
EndProject
Project("{FAE04EC0-301F-11D3-BF4B-00C04F79EFBC}") = "UIMFLibrary.UnitTests", "UIMFLibrary.UnitTests\UIMFLibrary.UnitTests.csproj", "{AF8626A9-1CEB-4179-9F09-590B1B9C0157}"
EndProject
Project("{FAE04EC0-301F-11D3-BF4B-00C04F79EFBC}") = "UIMFLibrary64bit", "UIMFLibrary\UIMFLibrary64bit.csproj", "{E3ABC526-CF07-496C-9E9B-5131D14710EC}"
EndProject
Project("{FAE04EC0-301F-11D3-BF4B-00C04F79EFBC}") = "UIMFLibrary.FunctionalTests", "UIMFLibrary.FunctionalTests\UIMFLibrary.FunctionalTests.csproj", "{F78AE1DE-FF7A-46FC-ABC0-F610F82B3504}"
EndProject
Global
	GlobalSection(SolutionConfigurationPlatforms) = preSolution
		Debug|Any CPU = Debug|Any CPU
		Debug|Mixed Platforms = Debug|Mixed Platforms
		Release|Any CPU = Release|Any CPU
		Release|Mixed Platforms = Release|Mixed Platforms
	EndGlobalSection
	GlobalSection(ProjectConfigurationPlatforms) = postSolution
		{25849DAD-D507-4429-ACA4-2DB63F9EAF52}.Debug|Any CPU.ActiveCfg = Debug|x86
		{25849DAD-D507-4429-ACA4-2DB63F9EAF52}.Debug|Mixed Platforms.ActiveCfg = Debug|x86
		{25849DAD-D507-4429-ACA4-2DB63F9EAF52}.Debug|Mixed Platforms.Build.0 = Debug|x86
		{25849DAD-D507-4429-ACA4-2DB63F9EAF52}.Release|Any CPU.ActiveCfg = Release|x86
		{25849DAD-D507-4429-ACA4-2DB63F9EAF52}.Release|Mixed Platforms.ActiveCfg = Release|x86
		{25849DAD-D507-4429-ACA4-2DB63F9EAF52}.Release|Mixed Platforms.Build.0 = Release|x86
		{AF8626A9-1CEB-4179-9F09-590B1B9C0157}.Debug|Any CPU.ActiveCfg = Debug|x86
		{AF8626A9-1CEB-4179-9F09-590B1B9C0157}.Debug|Mixed Platforms.ActiveCfg = Debug|x86
		{AF8626A9-1CEB-4179-9F09-590B1B9C0157}.Debug|Mixed Platforms.Build.0 = Debug|x86
		{AF8626A9-1CEB-4179-9F09-590B1B9C0157}.Release|Any CPU.ActiveCfg = Release|x86
		{AF8626A9-1CEB-4179-9F09-590B1B9C0157}.Release|Mixed Platforms.ActiveCfg = Release|x86
		{AF8626A9-1CEB-4179-9F09-590B1B9C0157}.Release|Mixed Platforms.Build.0 = Release|x86
		{E3ABC526-CF07-496C-9E9B-5131D14710EC}.Debug|Any CPU.ActiveCfg = Debug|x64
		{E3ABC526-CF07-496C-9E9B-5131D14710EC}.Debug|Mixed Platforms.ActiveCfg = Debug|x64
		{E3ABC526-CF07-496C-9E9B-5131D14710EC}.Debug|Mixed Platforms.Build.0 = Debug|x64
		{E3ABC526-CF07-496C-9E9B-5131D14710EC}.Release|Any CPU.ActiveCfg = Release|x64
		{E3ABC526-CF07-496C-9E9B-5131D14710EC}.Release|Mixed Platforms.ActiveCfg = Release|x64
		{E3ABC526-CF07-496C-9E9B-5131D14710EC}.Release|Mixed Platforms.Build.0 = Release|x64
		{F78AE1DE-FF7A-46FC-ABC0-F610F82B3504}.Debug|Any CPU.ActiveCfg = Debug|x86
		{F78AE1DE-FF7A-46FC-ABC0-F610F82B3504}.Debug|Mixed Platforms.ActiveCfg = Debug|x86
		{F78AE1DE-FF7A-46FC-ABC0-F610F82B3504}.Debug|Mixed Platforms.Build.0 = Debug|x86
		{F78AE1DE-FF7A-46FC-ABC0-F610F82B3504}.Release|Any CPU.ActiveCfg = Release|x86
		{F78AE1DE-FF7A-46FC-ABC0-F610F82B3504}.Release|Mixed Platforms.ActiveCfg = Release|x86
		{F78AE1DE-FF7A-46FC-ABC0-F610F82B3504}.Release|Mixed Platforms.Build.0 = Release|x86
	EndGlobalSection
	GlobalSection(SolutionProperties) = preSolution
		HideSolutionNode = FALSE
	EndGlobalSection
EndGlobal
